{
  "name": "scribe",
  "version": "0.9.0",
  "dependencies": {
    "grunt-coffeeify": {
      "version": "0.1.3",
      "dependencies": {
        "browserify": { "version": "2.25.0" },
        "coffeeify":  { "version": "0.4.1" },
        "when":       { "version": "1.8.1" }
      }
    },
    "tandem-core": {
      "version": "0.4.4",
      "from": "tandem-core@0.4.x"
    },
    "underscore": {
      "version": "1.5.2",
      "from": "underscore@1.5.x"
    },
    "underscore.string": {
      "version": "2.3.3",
      "from": "underscore.string@2.3.x"
    }
  }
}
